// !$*UTF8*$!
{
	archiveVersion = 1;
	classes = {
	};
	objectVersion = 50;
	objects = {

/* Begin PBXBuildFile section */
		6746F9692628262A00FF616F /* DismissButton.swift in Sources */ = {isa = PBXBuildFile; fileRef = 6746F9682628262A00FF616F /* DismissButton.swift */; };
		6746F96D262826BA00FF616F /* AddNewItemView.swift in Sources */ = {isa = PBXBuildFile; fileRef = 6746F96C262826BA00FF616F /* AddNewItemView.swift */; };
		6746F97126282EF400FF616F /* ItemListCell.swift in Sources */ = {isa = PBXBuildFile; fileRef = 6746F97026282EF400FF616F /* ItemListCell.swift */; };
		67D5C1D326280AD200214D43 /* SwiftUI_ToDoAppApp.swift in Sources */ = {isa = PBXBuildFile; fileRef = 67D5C1D226280AD200214D43 /* SwiftUI_ToDoAppApp.swift */; };
		67D5C1D526280AD200214D43 /* MainContentView.swift in Sources */ = {isa = PBXBuildFile; fileRef = 67D5C1D426280AD200214D43 /* MainContentView.swift */; };
		67D5C1D726280AD300214D43 /* Assets.xcassets in Resources */ = {isa = PBXBuildFile; fileRef = 67D5C1D626280AD300214D43 /* Assets.xcassets */; };
		67D5C1DA26280AD300214D43 /* Preview Assets.xcassets in Resources */ = {isa = PBXBuildFile; fileRef = 67D5C1D926280AD300214D43 /* Preview Assets.xcassets */; };
		67D5C1DC26280AD300214D43 /* Persistence.swift in Sources */ = {isa = PBXBuildFile; fileRef = 67D5C1DB26280AD300214D43 /* Persistence.swift */; };
		67D5C1DF26280AD300214D43 /* SwiftUI_ToDoApp.xcdatamodeld in Sources */ = {isa = PBXBuildFile; fileRef = 67D5C1DD26280AD300214D43 /* SwiftUI_ToDoApp.xcdatamodeld */; };
/* End PBXBuildFile section */

/* Begin PBXFileReference section */
		6746F9682628262A00FF616F /* DismissButton.swift */ = {isa = PBXFileReference; lastKnownFileType = sourcecode.swift; path = DismissButton.swift; sourceTree = "<group>"; };
		6746F96C262826BA00FF616F /* AddNewItemView.swift */ = {isa = PBXFileReference; lastKnownFileType = sourcecode.swift; path = AddNewItemView.swift; sourceTree = "<group>"; };
		6746F97026282EF400FF616F /* ItemListCell.swift */ = {isa = PBXFileReference; lastKnownFileType = sourcecode.swift; path = ItemListCell.swift; sourceTree = "<group>"; };
		67D5C1CF26280AD200214D43 /* SwiftUI-ToDoApp.app */ = {isa = PBXFileReference; explicitFileType = wrapper.application; includeInIndex = 0; path = "SwiftUI-ToDoApp.app"; sourceTree = BUILT_PRODUCTS_DIR; };
		67D5C1D226280AD200214D43 /* SwiftUI_ToDoAppApp.swift */ = {isa = PBXFileReference; lastKnownFileType = sourcecode.swift; path = SwiftUI_ToDoAppApp.swift; sourceTree = "<group>"; };
		67D5C1D426280AD200214D43 /* MainContentView.swift */ = {isa = PBXFileReference; lastKnownFileType = sourcecode.swift; path = MainContentView.swift; sourceTree = "<group>"; };
		67D5C1D626280AD300214D43 /* Assets.xcassets */ = {isa = PBXFileReference; lastKnownFileType = folder.assetcatalog; path = Assets.xcassets; sourceTree = "<group>"; };
		67D5C1D926280AD300214D43 /* Preview Assets.xcassets */ = {isa = PBXFileReference; lastKnownFileType = folder.assetcatalog; path = "Preview Assets.xcassets"; sourceTree = "<group>"; };
		67D5C1DB26280AD300214D43 /* Persistence.swift */ = {isa = PBXFileReference; lastKnownFileType = sourcecode.swift; path = Persistence.swift; sourceTree = "<group>"; };
		67D5C1DE26280AD300214D43 /* SwiftUI_ToDoApp.xcdatamodel */ = {isa = PBXFileReference; lastKnownFileType = wrapper.xcdatamodel; path = SwiftUI_ToDoApp.xcdatamodel; sourceTree = "<group>"; };
		67D5C1E026280AD300214D43 /* Info.plist */ = {isa = PBXFileReference; lastKnownFileType = text.plist.xml; path = Info.plist; sourceTree = "<group>"; };
/* End PBXFileReference section */

/* Begin PBXFrameworksBuildPhase section */
		67D5C1CC26280AD200214D43 /* Frameworks */ = {
			isa = PBXFrameworksBuildPhase;
			buildActionMask = 2147483647;
			files = (
			);
			runOnlyForDeploymentPostprocessing = 0;
		};
/* End PBXFrameworksBuildPhase section */

/* Begin PBXGroup section */
		6746F96B2628266700FF616F /* Buttons */ = {
			isa = PBXGroup;
			children = (
				6746F9682628262A00FF616F /* DismissButton.swift */,
			);
			path = Buttons;
			sourceTree = "<group>";
		};
		6746F9732628321700FF616F /* Screens */ = {
			isa = PBXGroup;
			children = (
				6746F9742628324000FF616F /* AddNewItemView */,
				67D5C1D426280AD200214D43 /* MainContentView.swift */,
			);
			path = Screens;
			sourceTree = "<group>";
		};
		6746F9742628324000FF616F /* AddNewItemView */ = {
			isa = PBXGroup;
			children = (
				6746F96C262826BA00FF616F /* AddNewItemView.swift */,
			);
			path = AddNewItemView;
			sourceTree = "<group>";
		};
		6746F9752628325700FF616F /* Views */ = {
			isa = PBXGroup;
			children = (
				6746F96B2628266700FF616F /* Buttons */,
				6746F9762628325D00FF616F /* Cells */,
			);
			path = Views;
			sourceTree = "<group>";
		};
		6746F9762628325D00FF616F /* Cells */ = {
			isa = PBXGroup;
			children = (
				6746F97026282EF400FF616F /* ItemListCell.swift */,
			);
			path = Cells;
			sourceTree = "<group>";
		};
		6746F9772628326F00FF616F /* CoreData */ = {
			isa = PBXGroup;
			children = (
				67D5C1DB26280AD300214D43 /* Persistence.swift */,
				67D5C1DD26280AD300214D43 /* SwiftUI_ToDoApp.xcdatamodeld */,
			);
			path = CoreData;
			sourceTree = "<group>";
		};
		67D5C1C626280AD200214D43 = {
			isa = PBXGroup;
			children = (
				67D5C1D126280AD200214D43 /* SwiftUI-ToDoApp */,
				67D5C1D026280AD200214D43 /* Products */,
			);
			sourceTree = "<group>";
		};
		67D5C1D026280AD200214D43 /* Products */ = {
			isa = PBXGroup;
			children = (
				67D5C1CF26280AD200214D43 /* SwiftUI-ToDoApp.app */,
			);
			name = Products;
			sourceTree = "<group>";
		};
		67D5C1D126280AD200214D43 /* SwiftUI-ToDoApp */ = {
			isa = PBXGroup;
			children = (
				6746F9772628326F00FF616F /* CoreData */,
				6746F9752628325700FF616F /* Views */,
				6746F9732628321700FF616F /* Screens */,
				67D5C1D226280AD200214D43 /* SwiftUI_ToDoAppApp.swift */,
				67D5C1D626280AD300214D43 /* Assets.xcassets */,
				67D5C1E026280AD300214D43 /* Info.plist */,
				67D5C1D826280AD300214D43 /* Preview Content */,
			);
			path = "SwiftUI-ToDoApp";
			sourceTree = "<group>";
		};
		67D5C1D826280AD300214D43 /* Preview Content */ = {
			isa = PBXGroup;
			children = (
				67D5C1D926280AD300214D43 /* Preview Assets.xcassets */,
			);
			path = "Preview Content";
			sourceTree = "<group>";
		};
/* End PBXGroup section */

/* Begin PBXNativeTarget section */
		67D5C1CE26280AD200214D43 /* SwiftUI-ToDoApp */ = {
			isa = PBXNativeTarget;
			buildConfigurationList = 67D5C1E326280AD300214D43 /* Build configuration list for PBXNativeTarget "SwiftUI-ToDoApp" */;
			buildPhases = (
				67D5C1CB26280AD200214D43 /* Sources */,
				67D5C1CC26280AD200214D43 /* Frameworks */,
				67D5C1CD26280AD200214D43 /* Resources */,
			);
			buildRules = (
			);
			dependencies = (
			);
			name = "SwiftUI-ToDoApp";
			productName = "SwiftUI-ToDoApp";
			productReference = 67D5C1CF26280AD200214D43 /* SwiftUI-ToDoApp.app */;
			productType = "com.apple.product-type.application";
		};
/* End PBXNativeTarget section */

/* Begin PBXProject section */
		67D5C1C726280AD200214D43 /* Project object */ = {
			isa = PBXProject;
			attributes = {
				LastSwiftUpdateCheck = 1240;
				LastUpgradeCheck = 1240;
				TargetAttributes = {
					67D5C1CE26280AD200214D43 = {
						CreatedOnToolsVersion = 12.4;
					};
				};
			};
			buildConfigurationList = 67D5C1CA26280AD200214D43 /* Build configuration list for PBXProject "SwiftUI-ToDoApp" */;
			compatibilityVersion = "Xcode 9.3";
			developmentRegion = en;
			hasScannedForEncodings = 0;
			knownRegions = (
				en,
				Base,
			);
			mainGroup = 67D5C1C626280AD200214D43;
			productRefGroup = 67D5C1D026280AD200214D43 /* Products */;
			projectDirPath = "";
			projectRoot = "";
			targets = (
				67D5C1CE26280AD200214D43 /* SwiftUI-ToDoApp */,
			);
		};
/* End PBXProject section */

/* Begin PBXResourcesBuildPhase section */
		67D5C1CD26280AD200214D43 /* Resources */ = {
			isa = PBXResourcesBuildPhase;
			buildActionMask = 2147483647;
			files = (
				67D5C1DA26280AD300214D43 /* Preview Assets.xcassets in Resources */,
				67D5C1D726280AD300214D43 /* Assets.xcassets in Resources */,
			);
			runOnlyForDeploymentPostprocessing = 0;
		};
/* End PBXResourcesBuildPhase section */

/* Begin PBXSourcesBuildPhase section */
		67D5C1CB26280AD200214D43 /* Sources */ = {
			isa = PBXSourcesBuildPhase;
			buildActionMask = 2147483647;
			files = (
				67D5C1DC26280AD300214D43 /* Persistence.swift in Sources */,
				67D5C1DF26280AD300214D43 /* SwiftUI_ToDoApp.xcdatamodeld in Sources */,
				6746F96D262826BA00FF616F /* AddNewItemView.swift in Sources */,
				67D5C1D526280AD200214D43 /* MainContentView.swift in Sources */,
				6746F9692628262A00FF616F /* DismissButton.swift in Sources */,
				67D5C1D326280AD200214D43 /* SwiftUI_ToDoAppApp.swift in Sources */,
				6746F97126282EF400FF616F /* ItemListCell.swift in Sources */,
			);
			runOnlyForDeploymentPostprocessing = 0;
		};
/* End PBXSourcesBuildPhase section */

/* Begin XCBuildConfiguration section */
		67D5C1E126280AD300214D43 /* Debug */ = {
			isa = XCBuildConfiguration;
			buildSettings = {
				ALWAYS_SEARCH_USER_PATHS = NO;
				CLANG_ANALYZER_NONNULL = YES;
				CLANG_ANALYZER_NUMBER_OBJECT_CONVERSION = YES_AGGRESSIVE;
				CLANG_CXX_LANGUAGE_STANDARD = "gnu++14";
				CLANG_CXX_LIBRARY = "libc++";
				CLANG_ENABLE_MODULES = YES;
				CLANG_ENABLE_OBJC_ARC = YES;
				CLANG_ENABLE_OBJC_WEAK = YES;
				CLANG_WARN_BLOCK_CAPTURE_AUTORELEASING = YES;
				CLANG_WARN_BOOL_CONVERSION = YES;
				CLANG_WARN_COMMA = YES;
				CLANG_WARN_CONSTANT_CONVERSION = YES;
				CLANG_WARN_DEPRECATED_OBJC_IMPLEMENTATIONS = YES;
				CLANG_WARN_DIRECT_OBJC_ISA_USAGE = YES_ERROR;
				CLANG_WARN_DOCUMENTATION_COMMENTS = YES;
				CLANG_WARN_EMPTY_BODY = YES;
				CLANG_WARN_ENUM_CONVERSION = YES;
				CLANG_WARN_INFINITE_RECURSION = YES;
				CLANG_WARN_INT_CONVERSION = YES;
				CLANG_WARN_NON_LITERAL_NULL_CONVERSION = YES;
				CLANG_WARN_OBJC_IMPLICIT_RETAIN_SELF = YES;
				CLANG_WARN_OBJC_LITERAL_CONVERSION = YES;
				CLANG_WARN_OBJC_ROOT_CLASS = YES_ERROR;
				CLANG_WARN_QUOTED_INCLUDE_IN_FRAMEWORK_HEADER = YES;
				CLANG_WARN_RANGE_LOOP_ANALYSIS = YES;
				CLANG_WARN_STRICT_PROTOTYPES = YES;
				CLANG_WARN_SUSPICIOUS_MOVE = YES;
				CLANG_WARN_UNGUARDED_AVAILABILITY = YES_AGGRESSIVE;
				CLANG_WARN_UNREACHABLE_CODE = YES;
				CLANG_WARN__DUPLICATE_METHOD_MATCH = YES;
				COPY_PHASE_STRIP = NO;
				DEBUG_INFORMATION_FORMAT = dwarf;
				ENABLE_STRICT_OBJC_MSGSEND = YES;
				ENABLE_TESTABILITY = YES;
				GCC_C_LANGUAGE_STANDARD = gnu11;
				GCC_DYNAMIC_NO_PIC = NO;
				GCC_NO_COMMON_BLOCKS = YES;
				GCC_OPTIMIZATION_LEVEL = 0;
				GCC_PREPROCESSOR_DEFINITIONS = (
					"DEBUG=1",
					"$(inherited)",
				);
				GCC_WARN_64_TO_32_BIT_CONVERSION = YES;
				GCC_WARN_ABOUT_RETURN_TYPE = YES_ERROR;
				GCC_WARN_UNDECLARED_SELECTOR = YES;
				GCC_WARN_UNINITIALIZED_AUTOS = YES_AGGRESSIVE;
				GCC_WARN_UNUSED_FUNCTION = YES;
				GCC_WARN_UNUSED_VARIABLE = YES;
				IPHONEOS_DEPLOYMENT_TARGET = 14.4;
				MTL_ENABLE_DEBUG_INFO = INCLUDE_SOURCE;
				MTL_FAST_MATH = YES;
				ONLY_ACTIVE_ARCH = YES;
				SDKROOT = iphoneos;
				SWIFT_ACTIVE_COMPILATION_CONDITIONS = DEBUG;
				SWIFT_OPTIMIZATION_LEVEL = "-Onone";
			};
			name = Debug;
		};
		67D5C1E226280AD300214D43 /* Release */ = {
			isa = XCBuildConfiguration;
			buildSettings = {
				ALWAYS_SEARCH_USER_PATHS = NO;
				CLANG_ANALYZER_NONNULL = YES;
				CLANG_ANALYZER_NUMBER_OBJECT_CONVERSION = YES_AGGRESSIVE;
				CLANG_CXX_LANGUAGE_STANDARD = "gnu++14";
				CLANG_CXX_LIBRARY = "libc++";
				CLANG_ENABLE_MODULES = YES;
				CLANG_ENABLE_OBJC_ARC = YES;
				CLANG_ENABLE_OBJC_WEAK = YES;
				CLANG_WARN_BLOCK_CAPTURE_AUTORELEASING = YES;
				CLANG_WARN_BOOL_CONVERSION = YES;
				CLANG_WARN_COMMA = YES;
				CLANG_WARN_CONSTANT_CONVERSION = YES;
				CLANG_WARN_DEPRECATED_OBJC_IMPLEMENTATIONS = YES;
				CLANG_WARN_DIRECT_OBJC_ISA_USAGE = YES_ERROR;
				CLANG_WARN_DOCUMENTATION_COMMENTS = YES;
				CLANG_WARN_EMPTY_BODY = YES;
				CLANG_WARN_ENUM_CONVERSION = YES;
				CLANG_WARN_INFINITE_RECURSION = YES;
				CLANG_WARN_INT_CONVERSION = YES;
				CLANG_WARN_NON_LITERAL_NULL_CONVERSION = YES;
				CLANG_WARN_OBJC_IMPLICIT_RETAIN_SELF = YES;
				CLANG_WARN_OBJC_LITERAL_CONVERSION = YES;
				CLANG_WARN_OBJC_ROOT_CLASS = YES_ERROR;
				CLANG_WARN_QUOTED_INCLUDE_IN_FRAMEWORK_HEADER = YES;
				CLANG_WARN_RANGE_LOOP_ANALYSIS = YES;
				CLANG_WARN_STRICT_PROTOTYPES = YES;
				CLANG_WARN_SUSPICIOUS_MOVE = YES;
				CLANG_WARN_UNGUARDED_AVAILABILITY = YES_AGGRESSIVE;
				CLANG_WARN_UNREACHABLE_CODE = YES;
				CLANG_WARN__DUPLICATE_METHOD_MATCH = YES;
				COPY_PHASE_STRIP = NO;
				DEBUG_INFORMATION_FORMAT = "dwarf-with-dsym";
				ENABLE_NS_ASSERTIONS = NO;
				ENABLE_STRICT_OBJC_MSGSEND = YES;
				GCC_C_LANGUAGE_STANDARD = gnu11;
				GCC_NO_COMMON_BLOCKS = YES;
				GCC_WARN_64_TO_32_BIT_CONVERSION = YES;
				GCC_WARN_ABOUT_RETURN_TYPE = YES_ERROR;
				GCC_WARN_UNDECLARED_SELECTOR = YES;
				GCC_WARN_UNINITIALIZED_AUTOS = YES_AGGRESSIVE;
				GCC_WARN_UNUSED_FUNCTION = YES;
				GCC_WARN_UNUSED_VARIABLE = YES;
				IPHONEOS_DEPLOYMENT_TARGET = 14.4;
				MTL_ENABLE_DEBUG_INFO = NO;
				MTL_FAST_MATH = YES;
				SDKROOT = iphoneos;
				SWIFT_COMPILATION_MODE = wholemodule;
				SWIFT_OPTIMIZATION_LEVEL = "-O";
				VALIDATE_PRODUCT = YES;
			};
			name = Release;
		};
		67D5C1E426280AD300214D43 /* Debug */ = {
			isa = XCBuildConfiguration;
			buildSettings = {
				ASSETCATALOG_COMPILER_APPICON_NAME = AppIcon;
				ASSETCATALOG_COMPILER_GLOBAL_ACCENT_COLOR_NAME = AccentColor;
				CODE_SIGN_STYLE = Automatic;
				DEVELOPMENT_ASSET_PATHS = "\"SwiftUI-ToDoApp/Preview Content\"";
				DEVELOPMENT_TEAM = 3PHS45582J;
				ENABLE_PREVIEWS = YES;
				INFOPLIST_FILE = "SwiftUI-ToDoApp/Info.plist";
				IPHONEOS_DEPLOYMENT_TARGET = 14.0;
				LD_RUNPATH_SEARCH_PATHS = (
					"$(inherited)",
					"@executable_path/Frameworks",
				);
				PRODUCT_BUNDLE_IDENTIFIER = "com.oleg991.SwiftUI-ToDoApp";
				PRODUCT_NAME = "$(TARGET_NAME)";
				SWIFT_VERSION = 5.0;
				TARGETED_DEVICE_FAMILY = "1,2";
			};
			name = Debug;
		};
		67D5C1E526280AD300214D43 /* Release */ = {
			isa = XCBuildConfiguration;
			buildSettings = {
				ASSETCATALOG_COMPILER_APPICON_NAME = AppIcon;
				ASSETCATALOG_COMPILER_GLOBAL_ACCENT_COLOR_NAME = AccentColor;
				CODE_SIGN_STYLE = Automatic;
				DEVELOPMENT_ASSET_PATHS = "\"SwiftUI-ToDoApp/Preview Content\"";
				DEVELOPMENT_TEAM = 3PHS45582J;
				ENABLE_PREVIEWS = YES;
				INFOPLIST_FILE = "SwiftUI-ToDoApp/Info.plist";
				IPHONEOS_DEPLOYMENT_TARGET = 14.0;
				LD_RUNPATH_SEARCH_PATHS = (
					"$(inherited)",
					"@executable_path/Frameworks",
				);
				PRODUCT_BUNDLE_IDENTIFIER = "com.oleg991.SwiftUI-ToDoApp";
				PRODUCT_NAME = "$(TARGET_NAME)";
				SWIFT_VERSION = 5.0;
				TARGETED_DEVICE_FAMILY = "1,2";
			};
			name = Release;
		};
/* End XCBuildConfiguration section */

/* Begin XCConfigurationList section */
		67D5C1CA26280AD200214D43 /* Build configuration list for PBXProject "SwiftUI-ToDoApp" */ = {
			isa = XCConfigurationList;
			buildConfigurations = (
				67D5C1E126280AD300214D43 /* Debug */,
				67D5C1E226280AD300214D43 /* Release */,
			);
			defaultConfigurationIsVisible = 0;
			defaultConfigurationName = Release;
		};
		67D5C1E326280AD300214D43 /* Build configuration list for PBXNativeTarget "SwiftUI-ToDoApp" */ = {
			isa = XCConfigurationList;
			buildConfigurations = (
				67D5C1E426280AD300214D43 /* Debug */,
				67D5C1E526280AD300214D43 /* Release */,
			);
			defaultConfigurationIsVisible = 0;
			defaultConfigurationName = Release;
		};
/* End XCConfigurationList section */

/* Begin XCVersionGroup section */
		67D5C1DD26280AD300214D43 /* SwiftUI_ToDoApp.xcdatamodeld */ = {
			isa = XCVersionGroup;
			children = (
				67D5C1DE26280AD300214D43 /* SwiftUI_ToDoApp.xcdatamodel */,
			);
			currentVersion = 67D5C1DE26280AD300214D43 /* SwiftUI_ToDoApp.xcdatamodel */;
			path = SwiftUI_ToDoApp.xcdatamodeld;
			sourceTree = "<group>";
			versionGroupType = wrapper.xcdatamodel;
		};
/* End XCVersionGroup section */
	};
	rootObject = 67D5C1C726280AD200214D43 /* Project object */;
}
